// !$*UTF8*$!
{
	archiveVersion = 1;
	classes = {
	};
	objectVersion = 50;
	objects = {

/* Begin PBXBuildFile section */
		7209667A24EAAB4B0002B05D /* StorageManager.swift in Sources */ = {isa = PBXBuildFile; fileRef = 7209667924EAAB4B0002B05D /* StorageManager.swift */; };
		7209667C24EAE32F0002B05D /* realmModel.swift in Sources */ = {isa = PBXBuildFile; fileRef = 7209667B24EAE32F0002B05D /* realmModel.swift */; };
		72098DD824C71915009352A0 /* settingCell.swift in Sources */ = {isa = PBXBuildFile; fileRef = 72098DD624C71915009352A0 /* settingCell.swift */; };
		72098DD924C71915009352A0 /* settingCell.xib in Resources */ = {isa = PBXBuildFile; fileRef = 72098DD724C71915009352A0 /* settingCell.xib */; };
		72098DDB24C74398009352A0 /* SettingTableViewController.swift in Sources */ = {isa = PBXBuildFile; fileRef = 72098DDA24C74398009352A0 /* SettingTableViewController.swift */; };
		721DB0C924CC77AE00B310F3 /* helpMethod.swift in Sources */ = {isa = PBXBuildFile; fileRef = 721DB0C824CC77AE00B310F3 /* helpMethod.swift */; };
		7236729E24B6487400844118 /* CustomCell.swift in Sources */ = {isa = PBXBuildFile; fileRef = 7236729D24B6487400844118 /* CustomCell.swift */; };
		723672A624B66B9700844118 /* TableViewController.swift in Sources */ = {isa = PBXBuildFile; fileRef = 723672A524B66B9700844118 /* TableViewController.swift */; };
		724F597A24BB3216004D328A /* network.swift in Sources */ = {isa = PBXBuildFile; fileRef = 724F597924BB3216004D328A /* network.swift */; };
		7256553224D81FBD0033831A /* userSettings.swift in Sources */ = {isa = PBXBuildFile; fileRef = 7256553124D81FBD0033831A /* userSettings.swift */; };
		7256553424D823140033831A /* ChoiceGroupViewController.swift in Sources */ = {isa = PBXBuildFile; fileRef = 7256553324D823140033831A /* ChoiceGroupViewController.swift */; };
		725F565324B9CACD007930A6 /* modelTimeTable.swift in Sources */ = {isa = PBXBuildFile; fileRef = 725F565224B9CACD007930A6 /* modelTimeTable.swift */; };
		727E07BC24C9DACD00AEF615 /* SettingGroupViewController.swift in Sources */ = {isa = PBXBuildFile; fileRef = 727E07BB24C9DACD00AEF615 /* SettingGroupViewController.swift */; };
		727F0C3024B6FB190029A4D3 /* CustomCell.xib in Resources */ = {isa = PBXBuildFile; fileRef = 727F0C2F24B6FB190029A4D3 /* CustomCell.xib */; };
		72A1EBA324B32ACC00BDD9DA /* AppDelegate.swift in Sources */ = {isa = PBXBuildFile; fileRef = 72A1EBA224B32ACC00BDD9DA /* AppDelegate.swift */; };
		72A1EBA524B32ACC00BDD9DA /* SceneDelegate.swift in Sources */ = {isa = PBXBuildFile; fileRef = 72A1EBA424B32ACC00BDD9DA /* SceneDelegate.swift */; };
		72A1EBAA24B32ACC00BDD9DA /* Main.storyboard in Resources */ = {isa = PBXBuildFile; fileRef = 72A1EBA824B32ACC00BDD9DA /* Main.storyboard */; };
		72A1EBAC24B32AD000BDD9DA /* Assets.xcassets in Resources */ = {isa = PBXBuildFile; fileRef = 72A1EBAB24B32AD000BDD9DA /* Assets.xcassets */; };
		72A1EBAF24B32AD000BDD9DA /* LaunchScreen.storyboard in Resources */ = {isa = PBXBuildFile; fileRef = 72A1EBAD24B32AD000BDD9DA /* LaunchScreen.storyboard */; };
		72A1EBB924B32CD400BDD9DA /* alternativeModel.swift in Sources */ = {isa = PBXBuildFile; fileRef = 72A1EBB824B32CD400BDD9DA /* alternativeModel.swift */; };
		72D1710724BB23BA0015CC8C /* CalendarMethod.swift in Sources */ = {isa = PBXBuildFile; fileRef = 72D1710624BB23BA0015CC8C /* CalendarMethod.swift */; };
		72D8E1E124E993B8004A7925 /* Reachability.swift in Sources */ = {isa = PBXBuildFile; fileRef = 72D8E1E024E993B8004A7925 /* Reachability.swift */; };
		E50B694ADE4BDCC07899C10D /* libPods-rtuJOY.a in Frameworks */ = {isa = PBXBuildFile; fileRef = 2F792A047F6BAECA35E1C02C /* libPods-rtuJOY.a */; };
/* End PBXBuildFile section */

/* Begin PBXFileReference section */
		2F792A047F6BAECA35E1C02C /* libPods-rtuJOY.a */ = {isa = PBXFileReference; explicitFileType = archive.ar; includeInIndex = 0; path = "libPods-rtuJOY.a"; sourceTree = BUILT_PRODUCTS_DIR; };
		7209667924EAAB4B0002B05D /* StorageManager.swift */ = {isa = PBXFileReference; lastKnownFileType = sourcecode.swift; path = StorageManager.swift; sourceTree = "<group>"; };
		7209667B24EAE32F0002B05D /* realmModel.swift */ = {isa = PBXFileReference; lastKnownFileType = sourcecode.swift; path = realmModel.swift; sourceTree = "<group>"; };
		72098DD624C71915009352A0 /* settingCell.swift */ = {isa = PBXFileReference; lastKnownFileType = sourcecode.swift; path = settingCell.swift; sourceTree = "<group>"; };
		72098DD724C71915009352A0 /* settingCell.xib */ = {isa = PBXFileReference; lastKnownFileType = file.xib; path = settingCell.xib; sourceTree = "<group>"; };
		72098DDA24C74398009352A0 /* SettingTableViewController.swift */ = {isa = PBXFileReference; lastKnownFileType = sourcecode.swift; path = SettingTableViewController.swift; sourceTree = "<group>"; };
		721DB0C824CC77AE00B310F3 /* helpMethod.swift */ = {isa = PBXFileReference; lastKnownFileType = sourcecode.swift; path = helpMethod.swift; sourceTree = "<group>"; };
		7236729D24B6487400844118 /* CustomCell.swift */ = {isa = PBXFileReference; lastKnownFileType = sourcecode.swift; path = CustomCell.swift; sourceTree = "<group>"; };
		723672A524B66B9700844118 /* TableViewController.swift */ = {isa = PBXFileReference; lastKnownFileType = sourcecode.swift; path = TableViewController.swift; sourceTree = "<group>"; };
		724F597924BB3216004D328A /* network.swift */ = {isa = PBXFileReference; lastKnownFileType = sourcecode.swift; path = network.swift; sourceTree = "<group>"; };
		7256553124D81FBD0033831A /* userSettings.swift */ = {isa = PBXFileReference; lastKnownFileType = sourcecode.swift; path = userSettings.swift; sourceTree = "<group>"; };
		7256553324D823140033831A /* ChoiceGroupViewController.swift */ = {isa = PBXFileReference; lastKnownFileType = sourcecode.swift; path = ChoiceGroupViewController.swift; sourceTree = "<group>"; };
		725F565224B9CACD007930A6 /* modelTimeTable.swift */ = {isa = PBXFileReference; lastKnownFileType = sourcecode.swift; path = modelTimeTable.swift; sourceTree = "<group>"; };
		727E07BB24C9DACD00AEF615 /* SettingGroupViewController.swift */ = {isa = PBXFileReference; lastKnownFileType = sourcecode.swift; path = SettingGroupViewController.swift; sourceTree = "<group>"; };
		727F0C2F24B6FB190029A4D3 /* CustomCell.xib */ = {isa = PBXFileReference; lastKnownFileType = file.xib; path = CustomCell.xib; sourceTree = "<group>"; };
		72A1EB9F24B32ACC00BDD9DA /* rtu app.app */ = {isa = PBXFileReference; explicitFileType = wrapper.application; includeInIndex = 0; path = "rtu app.app"; sourceTree = BUILT_PRODUCTS_DIR; };
		72A1EBA224B32ACC00BDD9DA /* AppDelegate.swift */ = {isa = PBXFileReference; lastKnownFileType = sourcecode.swift; path = AppDelegate.swift; sourceTree = "<group>"; };
		72A1EBA424B32ACC00BDD9DA /* SceneDelegate.swift */ = {isa = PBXFileReference; lastKnownFileType = sourcecode.swift; path = SceneDelegate.swift; sourceTree = "<group>"; };
		72A1EBA924B32ACC00BDD9DA /* Base */ = {isa = PBXFileReference; lastKnownFileType = file.storyboard; name = Base; path = Base.lproj/Main.storyboard; sourceTree = "<group>"; };
		72A1EBAB24B32AD000BDD9DA /* Assets.xcassets */ = {isa = PBXFileReference; lastKnownFileType = folder.assetcatalog; path = Assets.xcassets; sourceTree = "<group>"; };
		72A1EBAE24B32AD000BDD9DA /* Base */ = {isa = PBXFileReference; lastKnownFileType = file.storyboard; name = Base; path = Base.lproj/LaunchScreen.storyboard; sourceTree = "<group>"; };
		72A1EBB024B32AD000BDD9DA /* Info.plist */ = {isa = PBXFileReference; lastKnownFileType = text.plist.xml; path = Info.plist; sourceTree = "<group>"; };
		72A1EBB824B32CD400BDD9DA /* alternativeModel.swift */ = {isa = PBXFileReference; lastKnownFileType = sourcecode.swift; path = alternativeModel.swift; sourceTree = "<group>"; };
		72D1710624BB23BA0015CC8C /* CalendarMethod.swift */ = {isa = PBXFileReference; lastKnownFileType = sourcecode.swift; path = CalendarMethod.swift; sourceTree = "<group>"; };
		72D8E1E024E993B8004A7925 /* Reachability.swift */ = {isa = PBXFileReference; lastKnownFileType = sourcecode.swift; path = Reachability.swift; sourceTree = "<group>"; };
		7D7A534ABFDE3AB0F990312D /* Pods-rtuJOY.release.xcconfig */ = {isa = PBXFileReference; includeInIndex = 1; lastKnownFileType = text.xcconfig; name = "Pods-rtuJOY.release.xcconfig"; path = "Target Support Files/Pods-rtuJOY/Pods-rtuJOY.release.xcconfig"; sourceTree = "<group>"; };
		B630DCDFAF1FF33061EC0B91 /* Pods-rtuJOY.debug.xcconfig */ = {isa = PBXFileReference; includeInIndex = 1; lastKnownFileType = text.xcconfig; name = "Pods-rtuJOY.debug.xcconfig"; path = "Target Support Files/Pods-rtuJOY/Pods-rtuJOY.debug.xcconfig"; sourceTree = "<group>"; };
/* End PBXFileReference section */

/* Begin PBXFrameworksBuildPhase section */
		72A1EB9C24B32ACC00BDD9DA /* Frameworks */ = {
			isa = PBXFrameworksBuildPhase;
			buildActionMask = 2147483647;
			files = (
				E50B694ADE4BDCC07899C10D /* libPods-rtuJOY.a in Frameworks */,
			);
			runOnlyForDeploymentPostprocessing = 0;
		};
/* End PBXFrameworksBuildPhase section */

/* Begin PBXGroup section */
		725F565424B9D2D7007930A6 /* Delegate */ = {
			isa = PBXGroup;
			children = (
				72A1EBA224B32ACC00BDD9DA /* AppDelegate.swift */,
				72A1EBA424B32ACC00BDD9DA /* SceneDelegate.swift */,
			);
			path = Delegate;
			sourceTree = "<group>";
		};
		725F565524B9D2FA007930A6 /* UI */ = {
			isa = PBXGroup;
			children = (
				7236729D24B6487400844118 /* CustomCell.swift */,
				727F0C2F24B6FB190029A4D3 /* CustomCell.xib */,
				72A1EBA824B32ACC00BDD9DA /* Main.storyboard */,
				72A1EBAD24B32AD000BDD9DA /* LaunchScreen.storyboard */,
				72098DD624C71915009352A0 /* settingCell.swift */,
				72098DD724C71915009352A0 /* settingCell.xib */,
			);
			path = UI;
			sourceTree = "<group>";
		};
		725F565624B9D33D007930A6 /* models */ = {
			isa = PBXGroup;
			children = (
				72A1EBB824B32CD400BDD9DA /* alternativeModel.swift */,
				7209667B24EAE32F0002B05D /* realmModel.swift */,
				725F565224B9CACD007930A6 /* modelTimeTable.swift */,
				7256553124D81FBD0033831A /* userSettings.swift */,
			);
			path = models;
			sourceTree = "<group>";
		};
		725F565724B9D437007930A6 /* Controllers */ = {
			isa = PBXGroup;
			children = (
				723672A524B66B9700844118 /* TableViewController.swift */,
				7256553324D823140033831A /* ChoiceGroupViewController.swift */,
				727E07BB24C9DACD00AEF615 /* SettingGroupViewController.swift */,
				72098DDA24C74398009352A0 /* SettingTableViewController.swift */,
			);
			path = Controllers;
			sourceTree = "<group>";
		};
		725F565824B9D448007930A6 /* HelpMethods */ = {
			isa = PBXGroup;
			children = (
				724F597924BB3216004D328A /* network.swift */,
				7209667924EAAB4B0002B05D /* StorageManager.swift */,
				72D8E1E024E993B8004A7925 /* Reachability.swift */,
				721DB0C824CC77AE00B310F3 /* helpMethod.swift */,
				72D1710624BB23BA0015CC8C /* CalendarMethod.swift */,
			);
			path = HelpMethods;
			sourceTree = "<group>";
		};
		72A1EB9624B32ACC00BDD9DA = {
			isa = PBXGroup;
			children = (
				72A1EBA124B32ACC00BDD9DA /* rtuJOY */,
				72A1EBA024B32ACC00BDD9DA /* Products */,
				7413E0D3B859503A63DF2C27 /* Pods */,
				E822F52E7DCF22C7ED6F7FB8 /* Frameworks */,
			);
			sourceTree = "<group>";
		};
		72A1EBA024B32ACC00BDD9DA /* Products */ = {
			isa = PBXGroup;
			children = (
				72A1EB9F24B32ACC00BDD9DA /* rtu app.app */,
			);
			name = Products;
			sourceTree = "<group>";
		};
		72A1EBA124B32ACC00BDD9DA /* rtuJOY */ = {
			isa = PBXGroup;
			children = (
				725F565424B9D2D7007930A6 /* Delegate */,
				725F565624B9D33D007930A6 /* models */,
				725F565524B9D2FA007930A6 /* UI */,
				725F565724B9D437007930A6 /* Controllers */,
				725F565824B9D448007930A6 /* HelpMethods */,
				72A1EBAB24B32AD000BDD9DA /* Assets.xcassets */,
				72A1EBB024B32AD000BDD9DA /* Info.plist */,
			);
			path = rtuJOY;
			sourceTree = "<group>";
		};
		7413E0D3B859503A63DF2C27 /* Pods */ = {
			isa = PBXGroup;
			children = (
				B630DCDFAF1FF33061EC0B91 /* Pods-rtuJOY.debug.xcconfig */,
				7D7A534ABFDE3AB0F990312D /* Pods-rtuJOY.release.xcconfig */,
			);
			path = Pods;
			sourceTree = "<group>";
		};
		E822F52E7DCF22C7ED6F7FB8 /* Frameworks */ = {
			isa = PBXGroup;
			children = (
				2F792A047F6BAECA35E1C02C /* libPods-rtuJOY.a */,
			);
			name = Frameworks;
			sourceTree = "<group>";
		};
/* End PBXGroup section */

/* Begin PBXNativeTarget section */
		72A1EB9E24B32ACC00BDD9DA /* rtuJOY */ = {
			isa = PBXNativeTarget;
			buildConfigurationList = 72A1EBB324B32AD000BDD9DA /* Build configuration list for PBXNativeTarget "rtuJOY" */;
			buildPhases = (
				CC5A40B3224DA8814BBA6F3C /* [CP] Check Pods Manifest.lock */,
				72A1EB9B24B32ACC00BDD9DA /* Sources */,
				72A1EB9C24B32ACC00BDD9DA /* Frameworks */,
				72A1EB9D24B32ACC00BDD9DA /* Resources */,
			);
			buildRules = (
			);
			dependencies = (
			);
			name = rtuJOY;
			productName = rtuJOY;
			productReference = 72A1EB9F24B32ACC00BDD9DA /* rtu app.app */;
			productType = "com.apple.product-type.application";
		};
/* End PBXNativeTarget section */

/* Begin PBXProject section */
		72A1EB9724B32ACC00BDD9DA /* Project object */ = {
			isa = PBXProject;
			attributes = {
				LastSwiftUpdateCheck = 1150;
				LastUpgradeCheck = 1150;
				ORGANIZATIONNAME = "Максим Палёхин";
				TargetAttributes = {
					72A1EB9E24B32ACC00BDD9DA = {
						CreatedOnToolsVersion = 11.5;
					};
				};
			};
			buildConfigurationList = 72A1EB9A24B32ACC00BDD9DA /* Build configuration list for PBXProject "rtuJOY" */;
			compatibilityVersion = "Xcode 9.3";
			developmentRegion = en;
			hasScannedForEncodings = 0;
			knownRegions = (
				en,
				Base,
			);
			mainGroup = 72A1EB9624B32ACC00BDD9DA;
			productRefGroup = 72A1EBA024B32ACC00BDD9DA /* Products */;
			projectDirPath = "";
			projectRoot = "";
			targets = (
				72A1EB9E24B32ACC00BDD9DA /* rtuJOY */,
			);
		};
/* End PBXProject section */

/* Begin PBXResourcesBuildPhase section */
		72A1EB9D24B32ACC00BDD9DA /* Resources */ = {
			isa = PBXResourcesBuildPhase;
			buildActionMask = 2147483647;
			files = (
				72098DD924C71915009352A0 /* settingCell.xib in Resources */,
				72A1EBAF24B32AD000BDD9DA /* LaunchScreen.storyboard in Resources */,
				72A1EBAC24B32AD000BDD9DA /* Assets.xcassets in Resources */,
				727F0C3024B6FB190029A4D3 /* CustomCell.xib in Resources */,
				72A1EBAA24B32ACC00BDD9DA /* Main.storyboard in Resources */,
			);
			runOnlyForDeploymentPostprocessing = 0;
		};
/* End PBXResourcesBuildPhase section */

/* Begin PBXShellScriptBuildPhase section */
		CC5A40B3224DA8814BBA6F3C /* [CP] Check Pods Manifest.lock */ = {
			isa = PBXShellScriptBuildPhase;
			buildActionMask = 2147483647;
			files = (
			);
			inputFileListPaths = (
			);
			inputPaths = (
				"${PODS_PODFILE_DIR_PATH}/Podfile.lock",
				"${PODS_ROOT}/Manifest.lock",
			);
			name = "[CP] Check Pods Manifest.lock";
			outputFileListPaths = (
			);
			outputPaths = (
				"$(DERIVED_FILE_DIR)/Pods-rtuJOY-checkManifestLockResult.txt",
			);
			runOnlyForDeploymentPostprocessing = 0;
			shellPath = /bin/sh;
			shellScript = "diff \"${PODS_PODFILE_DIR_PATH}/Podfile.lock\" \"${PODS_ROOT}/Manifest.lock\" > /dev/null\nif [ $? != 0 ] ; then\n    # print error to STDERR\n    echo \"error: The sandbox is not in sync with the Podfile.lock. Run 'pod install' or update your CocoaPods installation.\" >&2\n    exit 1\nfi\n# This output is used by Xcode 'outputs' to avoid re-running this script phase.\necho \"SUCCESS\" > \"${SCRIPT_OUTPUT_FILE_0}\"\n";
			showEnvVarsInLog = 0;
		};
/* End PBXShellScriptBuildPhase section */

/* Begin PBXSourcesBuildPhase section */
		72A1EB9B24B32ACC00BDD9DA /* Sources */ = {
			isa = PBXSourcesBuildPhase;
			buildActionMask = 2147483647;
			files = (
				72D1710724BB23BA0015CC8C /* CalendarMethod.swift in Sources */,
				725F565324B9CACD007930A6 /* modelTimeTable.swift in Sources */,
				724F597A24BB3216004D328A /* network.swift in Sources */,
				72A1EBA324B32ACC00BDD9DA /* AppDelegate.swift in Sources */,
				723672A624B66B9700844118 /* TableViewController.swift in Sources */,
				721DB0C924CC77AE00B310F3 /* helpMethod.swift in Sources */,
				72A1EBA524B32ACC00BDD9DA /* SceneDelegate.swift in Sources */,
				72098DDB24C74398009352A0 /* SettingTableViewController.swift in Sources */,
				72D8E1E124E993B8004A7925 /* Reachability.swift in Sources */,
				7236729E24B6487400844118 /* CustomCell.swift in Sources */,
				72098DD824C71915009352A0 /* settingCell.swift in Sources */,
				7256553424D823140033831A /* ChoiceGroupViewController.swift in Sources */,
				727E07BC24C9DACD00AEF615 /* SettingGroupViewController.swift in Sources */,
				72A1EBB924B32CD400BDD9DA /* alternativeModel.swift in Sources */,
				7256553224D81FBD0033831A /* userSettings.swift in Sources */,
				7209667A24EAAB4B0002B05D /* StorageManager.swift in Sources */,
				7209667C24EAE32F0002B05D /* realmModel.swift in Sources */,
			);
			runOnlyForDeploymentPostprocessing = 0;
		};
/* End PBXSourcesBuildPhase section */

/* Begin PBXVariantGroup section */
		72A1EBA824B32ACC00BDD9DA /* Main.storyboard */ = {
			isa = PBXVariantGroup;
			children = (
				72A1EBA924B32ACC00BDD9DA /* Base */,
			);
			name = Main.storyboard;
			sourceTree = "<group>";
		};
		72A1EBAD24B32AD000BDD9DA /* LaunchScreen.storyboard */ = {
			isa = PBXVariantGroup;
			children = (
				72A1EBAE24B32AD000BDD9DA /* Base */,
			);
			name = LaunchScreen.storyboard;
			sourceTree = "<group>";
		};
/* End PBXVariantGroup section */

/* Begin XCBuildConfiguration section */
		72A1EBB124B32AD000BDD9DA /* Debug */ = {
			isa = XCBuildConfiguration;
			buildSettings = {
				ALWAYS_SEARCH_USER_PATHS = NO;
				CLANG_ANALYZER_NONNULL = YES;
				CLANG_ANALYZER_NUMBER_OBJECT_CONVERSION = YES_AGGRESSIVE;
				CLANG_CXX_LANGUAGE_STANDARD = "gnu++14";
				CLANG_CXX_LIBRARY = "libc++";
				CLANG_ENABLE_MODULES = YES;
				CLANG_ENABLE_OBJC_ARC = YES;
				CLANG_ENABLE_OBJC_WEAK = YES;
				CLANG_WARN_BLOCK_CAPTURE_AUTORELEASING = YES;
				CLANG_WARN_BOOL_CONVERSION = YES;
				CLANG_WARN_COMMA = YES;
				CLANG_WARN_CONSTANT_CONVERSION = YES;
				CLANG_WARN_DEPRECATED_OBJC_IMPLEMENTATIONS = YES;
				CLANG_WARN_DIRECT_OBJC_ISA_USAGE = YES_ERROR;
				CLANG_WARN_DOCUMENTATION_COMMENTS = YES;
				CLANG_WARN_EMPTY_BODY = YES;
				CLANG_WARN_ENUM_CONVERSION = YES;
				CLANG_WARN_INFINITE_RECURSION = YES;
				CLANG_WARN_INT_CONVERSION = YES;
				CLANG_WARN_NON_LITERAL_NULL_CONVERSION = YES;
				CLANG_WARN_OBJC_IMPLICIT_RETAIN_SELF = YES;
				CLANG_WARN_OBJC_LITERAL_CONVERSION = YES;
				CLANG_WARN_OBJC_ROOT_CLASS = YES_ERROR;
				CLANG_WARN_RANGE_LOOP_ANALYSIS = YES;
				CLANG_WARN_STRICT_PROTOTYPES = YES;
				CLANG_WARN_SUSPICIOUS_MOVE = YES;
				CLANG_WARN_UNGUARDED_AVAILABILITY = YES_AGGRESSIVE;
				CLANG_WARN_UNREACHABLE_CODE = YES;
				CLANG_WARN__DUPLICATE_METHOD_MATCH = YES;
				COPY_PHASE_STRIP = NO;
				DEBUG_INFORMATION_FORMAT = dwarf;
				ENABLE_STRICT_OBJC_MSGSEND = YES;
				ENABLE_TESTABILITY = YES;
				GCC_C_LANGUAGE_STANDARD = gnu11;
				GCC_DYNAMIC_NO_PIC = NO;
				GCC_NO_COMMON_BLOCKS = YES;
				GCC_OPTIMIZATION_LEVEL = 0;
				GCC_PREPROCESSOR_DEFINITIONS = (
					"DEBUG=1",
					"$(inherited)",
				);
				GCC_WARN_64_TO_32_BIT_CONVERSION = YES;
				GCC_WARN_ABOUT_RETURN_TYPE = YES_ERROR;
				GCC_WARN_UNDECLARED_SELECTOR = YES;
				GCC_WARN_UNINITIALIZED_AUTOS = YES_AGGRESSIVE;
				GCC_WARN_UNUSED_FUNCTION = YES;
				GCC_WARN_UNUSED_VARIABLE = YES;
				IPHONEOS_DEPLOYMENT_TARGET = 13.5;
				MTL_ENABLE_DEBUG_INFO = INCLUDE_SOURCE;
				MTL_FAST_MATH = YES;
				ONLY_ACTIVE_ARCH = YES;
				SDKROOT = iphoneos;
				SWIFT_ACTIVE_COMPILATION_CONDITIONS = DEBUG;
				SWIFT_OPTIMIZATION_LEVEL = "-Onone";
			};
			name = Debug;
		};
		72A1EBB224B32AD000BDD9DA /* Release */ = {
			isa = XCBuildConfiguration;
			buildSettings = {
				ALWAYS_SEARCH_USER_PATHS = NO;
				CLANG_ANALYZER_NONNULL = YES;
				CLANG_ANALYZER_NUMBER_OBJECT_CONVERSION = YES_AGGRESSIVE;
				CLANG_CXX_LANGUAGE_STANDARD = "gnu++14";
				CLANG_CXX_LIBRARY = "libc++";
				CLANG_ENABLE_MODULES = YES;
				CLANG_ENABLE_OBJC_ARC = YES;
				CLANG_ENABLE_OBJC_WEAK = YES;
				CLANG_WARN_BLOCK_CAPTURE_AUTORELEASING = YES;
				CLANG_WARN_BOOL_CONVERSION = YES;
				CLANG_WARN_COMMA = YES;
				CLANG_WARN_CONSTANT_CONVERSION = YES;
				CLANG_WARN_DEPRECATED_OBJC_IMPLEMENTATIONS = YES;
				CLANG_WARN_DIRECT_OBJC_ISA_USAGE = YES_ERROR;
				CLANG_WARN_DOCUMENTATION_COMMENTS = YES;
				CLANG_WARN_EMPTY_BODY = YES;
				CLANG_WARN_ENUM_CONVERSION = YES;
				CLANG_WARN_INFINITE_RECURSION = YES;
				CLANG_WARN_INT_CONVERSION = YES;
				CLANG_WARN_NON_LITERAL_NULL_CONVERSION = YES;
				CLANG_WARN_OBJC_IMPLICIT_RETAIN_SELF = YES;
				CLANG_WARN_OBJC_LITERAL_CONVERSION = YES;
				CLANG_WARN_OBJC_ROOT_CLASS = YES_ERROR;
				CLANG_WARN_RANGE_LOOP_ANALYSIS = YES;
				CLANG_WARN_STRICT_PROTOTYPES = YES;
				CLANG_WARN_SUSPICIOUS_MOVE = YES;
				CLANG_WARN_UNGUARDED_AVAILABILITY = YES_AGGRESSIVE;
				CLANG_WARN_UNREACHABLE_CODE = YES;
				CLANG_WARN__DUPLICATE_METHOD_MATCH = YES;
				COPY_PHASE_STRIP = NO;
				DEBUG_INFORMATION_FORMAT = "dwarf-with-dsym";
				ENABLE_NS_ASSERTIONS = NO;
				ENABLE_STRICT_OBJC_MSGSEND = YES;
				GCC_C_LANGUAGE_STANDARD = gnu11;
				GCC_NO_COMMON_BLOCKS = YES;
				GCC_WARN_64_TO_32_BIT_CONVERSION = YES;
				GCC_WARN_ABOUT_RETURN_TYPE = YES_ERROR;
				GCC_WARN_UNDECLARED_SELECTOR = YES;
				GCC_WARN_UNINITIALIZED_AUTOS = YES_AGGRESSIVE;
				GCC_WARN_UNUSED_FUNCTION = YES;
				GCC_WARN_UNUSED_VARIABLE = YES;
				IPHONEOS_DEPLOYMENT_TARGET = 13.5;
				MTL_ENABLE_DEBUG_INFO = NO;
				MTL_FAST_MATH = YES;
				SDKROOT = iphoneos;
				SWIFT_COMPILATION_MODE = wholemodule;
				SWIFT_OPTIMIZATION_LEVEL = "-O";
				VALIDATE_PRODUCT = YES;
			};
			name = Release;
		};
		72A1EBB424B32AD000BDD9DA /* Debug */ = {
			isa = XCBuildConfiguration;
			baseConfigurationReference = B630DCDFAF1FF33061EC0B91 /* Pods-rtuJOY.debug.xcconfig */;
			buildSettings = {
				ASSETCATALOG_COMPILER_APPICON_NAME = AppIcon;
				CODE_SIGN_STYLE = Automatic;
				DEVELOPMENT_TEAM = 7SPANA493T;
				INFOPLIST_FILE = rtuJOY/Info.plist;
				IPHONEOS_DEPLOYMENT_TARGET = 13.0;
				LD_RUNPATH_SEARCH_PATHS = (
					"$(inherited)",
					"@executable_path/Frameworks",
				);
				PRODUCT_BUNDLE_IDENTIFIER = com.palehin.rtuJOY;
				PRODUCT_NAME = "rtu app";
				SWIFT_VERSION = 5.0;
				TARGETED_DEVICE_FAMILY = "1,2";
			};
			name = Debug;
		};
		72A1EBB524B32AD000BDD9DA /* Release */ = {
			isa = XCBuildConfiguration;
			baseConfigurationReference = 7D7A534ABFDE3AB0F990312D /* Pods-rtuJOY.release.xcconfig */;
			buildSettings = {
				ASSETCATALOG_COMPILER_APPICON_NAME = AppIcon;
				CODE_SIGN_STYLE = Automatic;
				DEVELOPMENT_TEAM = 7SPANA493T;
				INFOPLIST_FILE = rtuJOY/Info.plist;
				IPHONEOS_DEPLOYMENT_TARGET = 13.0;
				LD_RUNPATH_SEARCH_PATHS = (
					"$(inherited)",
					"@executable_path/Frameworks",
				);
				PRODUCT_BUNDLE_IDENTIFIER = com.palehin.rtuJOY;
				PRODUCT_NAME = "rtu app";
				SWIFT_VERSION = 5.0;
				TARGETED_DEVICE_FAMILY = "1,2";
			};
			name = Release;
		};
/* End XCBuildConfiguration section */

/* Begin XCConfigurationList section */
		72A1EB9A24B32ACC00BDD9DA /* Build configuration list for PBXProject "rtuJOY" */ = {
			isa = XCConfigurationList;
			buildConfigurations = (
				72A1EBB124B32AD000BDD9DA /* Debug */,
				72A1EBB224B32AD000BDD9DA /* Release */,
			);
			defaultConfigurationIsVisible = 0;
			defaultConfigurationName = Release;
		};
		72A1EBB324B32AD000BDD9DA /* Build configuration list for PBXNativeTarget "rtuJOY" */ = {
			isa = XCConfigurationList;
			buildConfigurations = (
				72A1EBB424B32AD000BDD9DA /* Debug */,
				72A1EBB524B32AD000BDD9DA /* Release */,
			);
			defaultConfigurationIsVisible = 0;
			defaultConfigurationName = Release;
		};
/* End XCConfigurationList section */
	};
	rootObject = 72A1EB9724B32ACC00BDD9DA /* Project object */;
}
